{
  "name": "dumpling",
  "version": "1.0.0",
  "lockfileVersion": 1,
  "requires": true,
  "dependencies": {
    "better-queue": {
      "version": "3.8.10",
      "resolved": "https://registry.npmjs.org/better-queue/-/better-queue-3.8.10.tgz",
      "integrity": "sha512-e3gwNZgDCnNWl0An0Tz6sUjKDV9m6aB+K9Xg//vYeo8+KiH8pWhLFxkawcXhm6FpM//GfD9IQv/kmvWCAVVpKA==",
      "requires": {
        "better-queue-memory": "^1.0.1",
        "node-eta": "^0.9.0",
        "uuid": "^3.0.0"
      }
    },
    "better-queue-memory": {
      "version": "1.0.3",
      "resolved": "https://registry.npmjs.org/better-queue-memory/-/better-queue-memory-1.0.3.tgz",
      "integrity": "sha512-QLFkfV+k/7e4L4FR7kqkXKtRi22kl68c/3AaBs0ArDSz0iiuAl0DjVlb6gM220jW7izLE5TRy7oXOd4Cxa0wog=="
    },
    "config": {
      "version": "3.0.1",
      "resolved": "https://registry.npmjs.org/config/-/config-3.0.1.tgz",
      "integrity": "sha512-TBNrrk2b6AybUohqXw2AydglFBL9b/+1GG93Di6Fm6x1SyVJ5PYgo+mqY2X0KpU9m0PJDSbFaC5H95utSphtLw==",
      "requires": {
        "json5": "^1.0.1"
      }
    },
    "hjson": {
      "version": "3.1.2",
      "resolved": "https://registry.npmjs.org/hjson/-/hjson-3.1.2.tgz",
      "integrity": "sha512-2ILrho8eRl2Bniy61mDFiXRAloYqH2T6OwWkoF/8y55DPFgG2RcqQGNXIfBLp432dnAbLOpBJ4pJs63W3X27EA=="
    },
    "json5": {
      "version": "1.0.1",
      "resolved": "https://registry.npmjs.org/json5/-/json5-1.0.1.tgz",
      "integrity": "sha512-aKS4WQjPenRxiQsC93MNfjx+nbF4PAdYzmd/1JIj8HYzqfbu86beTuNgXDzPknWk0n0uARlyewZo4s++ES36Ow==",
      "requires": {
        "minimist": "^1.2.0"
      }
    },
    "minimist": {
      "version": "1.2.0",
      "resolved": "https://registry.npmjs.org/minimist/-/minimist-1.2.0.tgz",
      "integrity": "sha1-o1AIsg9BOD7sH7kU9M1d95omQoQ="
    },
    "node-eta": {
      "version": "0.9.0",
      "resolved": "https://registry.npmjs.org/node-eta/-/node-eta-0.9.0.tgz",
      "integrity": "sha1-n7CwmbzSoCGUDmA8ZCVNwAPZp6g="
    },
    "uuid": {
      "version": "3.3.2",
      "resolved": "https://registry.npmjs.org/uuid/-/uuid-3.3.2.tgz",
      "integrity": "sha512-yXJmeNaw3DnnKAOKJE51sL/ZaYfWJRl1pK9dr19YFCu0ObS231AB1/LbqTKRAQ5kw8A90rA6fr4riOUpTZvQZA=="
    }
  }
}
